
Microsoft Visual Studio Solution File, Format Version 12.00
# Visual Studio Version 16
VisualStudioVersion = 16.0.30523.141
MinimumVisualStudioVersion = 10.0.40219.1
Project("{FAE04EC0-301F-11D3-BF4B-00C04F79EFBC}") = "Ticket Online", "Ticket Online\Ticket Online.csproj", "{7841CC37-3E9F-4B9E-9391-9C7B8C483D7F}"
EndProject
Global
	GlobalSection(SolutionConfigurationPlatforms) = preSolution
		Debug|Any CPU = Debug|Any CPU
		Release|Any CPU = Release|Any CPU
	EndGlobalSection
	GlobalSection(ProjectConfigurationPlatforms) = postSolution
		{7841CC37-3E9F-4B9E-9391-9C7B8C483D7F}.Debug|Any CPU.ActiveCfg = Debug|Any CPU
		{7841CC37-3E9F-4B9E-9391-9C7B8C483D7F}.Debug|Any CPU.Build.0 = Debug|Any CPU
		{7841CC37-3E9F-4B9E-9391-9C7B8C483D7F}.Release|Any CPU.ActiveCfg = Release|Any CPU
		{7841CC37-3E9F-4B9E-9391-9C7B8C483D7F}.Release|Any CPU.Build.0 = Release|Any CPU
	EndGlobalSection
	GlobalSection(SolutionProperties) = preSolution
		HideSolutionNode = FALSE
	EndGlobalSection
	GlobalSection(ExtensibilityGlobals) = postSolution
		SolutionGuid = {45DDC726-E079-44A1-A556-D2AB1E6AE9FF}
	EndGlobalSection
EndGlobal
